
Microsoft Visual Studio Solution File, Format Version 12.00
# Visual Studio 15
Project("{FAE04EC0-301F-11D3-BF4B-00C04F79EFBC}") = "Assembly-CSharp", "Assembly-CSharp.csproj", "{DE662FB6-C56F-3819-25C7-5FA95704FE00}"
EndProject
Global
	GlobalSection(SolutionConfigurationPlatforms) = preSolution
		Debug|Any CPU = Debug|Any CPU
		Release|Any CPU = Release|Any CPU
	EndGlobalSection
	GlobalSection(ProjectConfigurationPlatforms) = postSolution
		{DE662FB6-C56F-3819-25C7-5FA95704FE00}.Debug|Any CPU.ActiveCfg = Debug|Any CPU
		{DE662FB6-C56F-3819-25C7-5FA95704FE00}.Debug|Any CPU.Build.0 = Debug|Any CPU
		{DE662FB6-C56F-3819-25C7-5FA95704FE00}.Release|Any CPU.ActiveCfg = Release|Any CPU
		{DE662FB6-C56F-3819-25C7-5FA95704FE00}.Release|Any CPU.Build.0 = Release|Any CPU
	EndGlobalSection
	GlobalSection(SolutionProperties) = preSolution
		HideSolutionNode = FALSE
	EndGlobalSection
EndGlobal
